
Microsoft Visual Studio Solution File, Format Version 12.00
# Visual Studio Version 17
VisualStudioVersion = 17.3.32825.248
MinimumVisualStudioVersion = 10.0.40219.1
Project("{FAE04EC0-301F-11D3-BF4B-00C04F79EFBC}") = "task2", "task2\task2.csproj", "{32BCFAF2-C6FC-4BB4-BC7E-8D9DFAD739A6}"
EndProject
Global
	GlobalSection(SolutionConfigurationPlatforms) = preSolution
		Debug|Any CPU = Debug|Any CPU
		Release|Any CPU = Release|Any CPU
	EndGlobalSection
	GlobalSection(ProjectConfigurationPlatforms) = postSolution
		{32BCFAF2-C6FC-4BB4-BC7E-8D9DFAD739A6}.Debug|Any CPU.ActiveCfg = Debug|Any CPU
		{32BCFAF2-C6FC-4BB4-BC7E-8D9DFAD739A6}.Debug|Any CPU.Build.0 = Debug|Any CPU
		{32BCFAF2-C6FC-4BB4-BC7E-8D9DFAD739A6}.Release|Any CPU.ActiveCfg = Release|Any CPU
		{32BCFAF2-C6FC-4BB4-BC7E-8D9DFAD739A6}.Release|Any CPU.Build.0 = Release|Any CPU
	EndGlobalSection
	GlobalSection(SolutionProperties) = preSolution
		HideSolutionNode = FALSE
	EndGlobalSection
	GlobalSection(ExtensibilityGlobals) = postSolution
		SolutionGuid = {8CE54B63-5DDC-4182-8B86-F4BE8F545919}
	EndGlobalSection
EndGlobal
