
Microsoft Visual Studio Solution File, Format Version 12.00
# Visual Studio Version 17
VisualStudioVersion = 17.3.32901.215
MinimumVisualStudioVersion = 10.0.40219.1
Project("{FAE04EC0-301F-11D3-BF4B-00C04F79EFBC}") = "task2", "task2\task2.csproj", "{FAAB9B0A-7A32-4DB5-8FAE-D24E6B795D29}"
EndProject
Global
	GlobalSection(SolutionConfigurationPlatforms) = preSolution
		Debug|Any CPU = Debug|Any CPU
		Release|Any CPU = Release|Any CPU
	EndGlobalSection
	GlobalSection(ProjectConfigurationPlatforms) = postSolution
		{FAAB9B0A-7A32-4DB5-8FAE-D24E6B795D29}.Debug|Any CPU.ActiveCfg = Debug|Any CPU
		{FAAB9B0A-7A32-4DB5-8FAE-D24E6B795D29}.Debug|Any CPU.Build.0 = Debug|Any CPU
		{FAAB9B0A-7A32-4DB5-8FAE-D24E6B795D29}.Release|Any CPU.ActiveCfg = Release|Any CPU
		{FAAB9B0A-7A32-4DB5-8FAE-D24E6B795D29}.Release|Any CPU.Build.0 = Release|Any CPU
	EndGlobalSection
	GlobalSection(SolutionProperties) = preSolution
		HideSolutionNode = FALSE
	EndGlobalSection
	GlobalSection(ExtensibilityGlobals) = postSolution
		SolutionGuid = {75A5F1C3-53AD-4883-B465-5AE5775288C1}
	EndGlobalSection
EndGlobal
