
Microsoft Visual Studio Solution File, Format Version 12.00
# Visual Studio Version 17
VisualStudioVersion = 17.3.32825.248
MinimumVisualStudioVersion = 10.0.40219.1
Project("{FAE04EC0-301F-11D3-BF4B-00C04F79EFBC}") = "task3_v2", "task3_v2\task3_v2.csproj", "{AD3D5FA2-B0FA-4645-BEED-7564D148DD23}"
EndProject
Global
	GlobalSection(SolutionConfigurationPlatforms) = preSolution
		Debug|Any CPU = Debug|Any CPU
		Release|Any CPU = Release|Any CPU
	EndGlobalSection
	GlobalSection(ProjectConfigurationPlatforms) = postSolution
		{AD3D5FA2-B0FA-4645-BEED-7564D148DD23}.Debug|Any CPU.ActiveCfg = Debug|Any CPU
		{AD3D5FA2-B0FA-4645-BEED-7564D148DD23}.Debug|Any CPU.Build.0 = Debug|Any CPU
		{AD3D5FA2-B0FA-4645-BEED-7564D148DD23}.Release|Any CPU.ActiveCfg = Release|Any CPU
		{AD3D5FA2-B0FA-4645-BEED-7564D148DD23}.Release|Any CPU.Build.0 = Release|Any CPU
	EndGlobalSection
	GlobalSection(SolutionProperties) = preSolution
		HideSolutionNode = FALSE
	EndGlobalSection
	GlobalSection(ExtensibilityGlobals) = postSolution
		SolutionGuid = {FFEBE8D6-D434-4565-BC6F-B867CE0CCF33}
	EndGlobalSection
EndGlobal
