
Microsoft Visual Studio Solution File, Format Version 12.00
# Visual Studio Version 17
VisualStudioVersion = 17.3.32825.248
MinimumVisualStudioVersion = 10.0.40219.1
Project("{FAE04EC0-301F-11D3-BF4B-00C04F79EFBC}") = "task2", "task2\task2.csproj", "{6C8DFD3F-9FD4-40D8-990C-2C126CF17BBE}"
EndProject
Global
	GlobalSection(SolutionConfigurationPlatforms) = preSolution
		Debug|Any CPU = Debug|Any CPU
		Release|Any CPU = Release|Any CPU
	EndGlobalSection
	GlobalSection(ProjectConfigurationPlatforms) = postSolution
		{6C8DFD3F-9FD4-40D8-990C-2C126CF17BBE}.Debug|Any CPU.ActiveCfg = Debug|Any CPU
		{6C8DFD3F-9FD4-40D8-990C-2C126CF17BBE}.Debug|Any CPU.Build.0 = Debug|Any CPU
		{6C8DFD3F-9FD4-40D8-990C-2C126CF17BBE}.Release|Any CPU.ActiveCfg = Release|Any CPU
		{6C8DFD3F-9FD4-40D8-990C-2C126CF17BBE}.Release|Any CPU.Build.0 = Release|Any CPU
	EndGlobalSection
	GlobalSection(SolutionProperties) = preSolution
		HideSolutionNode = FALSE
	EndGlobalSection
	GlobalSection(ExtensibilityGlobals) = postSolution
		SolutionGuid = {E5E3F3DB-C195-419F-85C4-8A90D1179DD5}
	EndGlobalSection
EndGlobal
