
Microsoft Visual Studio Solution File, Format Version 12.00
# Visual Studio Version 17
VisualStudioVersion = 17.3.32825.248
MinimumVisualStudioVersion = 10.0.40219.1
Project("{FAE04EC0-301F-11D3-BF4B-00C04F79EFBC}") = "task1", "ConsoleApp2\task1.csproj", "{D4497773-0593-4B00-ACFE-F4061578B552}"
EndProject
Global
	GlobalSection(SolutionConfigurationPlatforms) = preSolution
		Debug|Any CPU = Debug|Any CPU
		Release|Any CPU = Release|Any CPU
	EndGlobalSection
	GlobalSection(ProjectConfigurationPlatforms) = postSolution
		{D4497773-0593-4B00-ACFE-F4061578B552}.Debug|Any CPU.ActiveCfg = Debug|Any CPU
		{D4497773-0593-4B00-ACFE-F4061578B552}.Debug|Any CPU.Build.0 = Debug|Any CPU
		{D4497773-0593-4B00-ACFE-F4061578B552}.Release|Any CPU.ActiveCfg = Release|Any CPU
		{D4497773-0593-4B00-ACFE-F4061578B552}.Release|Any CPU.Build.0 = Release|Any CPU
	EndGlobalSection
	GlobalSection(SolutionProperties) = preSolution
		HideSolutionNode = FALSE
	EndGlobalSection
	GlobalSection(ExtensibilityGlobals) = postSolution
		SolutionGuid = {2AB44D69-342E-4973-9612-16C501416DFF}
	EndGlobalSection
EndGlobal
