
Microsoft Visual Studio Solution File, Format Version 12.00
# Visual Studio Version 17
VisualStudioVersion = 17.3.32825.248
MinimumVisualStudioVersion = 10.0.40219.1
Project("{FAE04EC0-301F-11D3-BF4B-00C04F79EFBC}") = "ToBinary", "ToBinary\ToBinary.csproj", "{B10231B2-965F-41F2-AE2D-DE4D0B11C2D4}"
EndProject
Global
	GlobalSection(SolutionConfigurationPlatforms) = preSolution
		Debug|Any CPU = Debug|Any CPU
		Release|Any CPU = Release|Any CPU
	EndGlobalSection
	GlobalSection(ProjectConfigurationPlatforms) = postSolution
		{B10231B2-965F-41F2-AE2D-DE4D0B11C2D4}.Debug|Any CPU.ActiveCfg = Debug|Any CPU
		{B10231B2-965F-41F2-AE2D-DE4D0B11C2D4}.Debug|Any CPU.Build.0 = Debug|Any CPU
		{B10231B2-965F-41F2-AE2D-DE4D0B11C2D4}.Release|Any CPU.ActiveCfg = Release|Any CPU
		{B10231B2-965F-41F2-AE2D-DE4D0B11C2D4}.Release|Any CPU.Build.0 = Release|Any CPU
	EndGlobalSection
	GlobalSection(SolutionProperties) = preSolution
		HideSolutionNode = FALSE
	EndGlobalSection
	GlobalSection(ExtensibilityGlobals) = postSolution
		SolutionGuid = {AA5949B5-F92F-4D1B-8E28-6700ACD33CAC}
	EndGlobalSection
EndGlobal
