
Microsoft Visual Studio Solution File, Format Version 12.00
# Visual Studio Version 17
VisualStudioVersion = 17.3.32825.248
MinimumVisualStudioVersion = 10.0.40219.1
Project("{FAE04EC0-301F-11D3-BF4B-00C04F79EFBC}") = "CopyArray", "CopyArray\CopyArray.csproj", "{28BDBF75-69C1-454D-81EB-FDE827ABDF19}"
EndProject
Global
	GlobalSection(SolutionConfigurationPlatforms) = preSolution
		Debug|Any CPU = Debug|Any CPU
		Release|Any CPU = Release|Any CPU
	EndGlobalSection
	GlobalSection(ProjectConfigurationPlatforms) = postSolution
		{28BDBF75-69C1-454D-81EB-FDE827ABDF19}.Debug|Any CPU.ActiveCfg = Debug|Any CPU
		{28BDBF75-69C1-454D-81EB-FDE827ABDF19}.Debug|Any CPU.Build.0 = Debug|Any CPU
		{28BDBF75-69C1-454D-81EB-FDE827ABDF19}.Release|Any CPU.ActiveCfg = Release|Any CPU
		{28BDBF75-69C1-454D-81EB-FDE827ABDF19}.Release|Any CPU.Build.0 = Release|Any CPU
	EndGlobalSection
	GlobalSection(SolutionProperties) = preSolution
		HideSolutionNode = FALSE
	EndGlobalSection
	GlobalSection(ExtensibilityGlobals) = postSolution
		SolutionGuid = {48FBA382-A45D-46A2-90BA-345E7B1455C3}
	EndGlobalSection
EndGlobal
